
Microsoft Visual Studio Solution File, Format Version 12.00
# Visual Studio Version 16
VisualStudioVersion = 16.0.30907.101
MinimumVisualStudioVersion = 10.0.40219.1
Project("{FAE04EC0-301F-11D3-BF4B-00C04F79EFBC}") = "SecureApplicationDevProject", "SecureApplicationDevProject\SecureApplicationDevProject.csproj", "{118CA3B0-5EAC-4FF5-9AC4-F4455C35098F}"
EndProject
Global
	GlobalSection(SolutionConfigurationPlatforms) = preSolution
		Debug|Any CPU = Debug|Any CPU
		Release|Any CPU = Release|Any CPU
	EndGlobalSection
	GlobalSection(ProjectConfigurationPlatforms) = postSolution
		{118CA3B0-5EAC-4FF5-9AC4-F4455C35098F}.Debug|Any CPU.ActiveCfg = Debug|Any CPU
		{118CA3B0-5EAC-4FF5-9AC4-F4455C35098F}.Debug|Any CPU.Build.0 = Debug|Any CPU
		{118CA3B0-5EAC-4FF5-9AC4-F4455C35098F}.Release|Any CPU.ActiveCfg = Release|Any CPU
		{118CA3B0-5EAC-4FF5-9AC4-F4455C35098F}.Release|Any CPU.Build.0 = Release|Any CPU
	EndGlobalSection
	GlobalSection(SolutionProperties) = preSolution
		HideSolutionNode = FALSE
	EndGlobalSection
	GlobalSection(ExtensibilityGlobals) = postSolution
		SolutionGuid = {81889226-F3AA-40D4-8CF1-3E6051E89D60}
	EndGlobalSection
EndGlobal
